
Microsoft Visual Studio Solution File, Format Version 12.00
# Visual Studio Version 17
VisualStudioVersion = 17.3.32811.315
MinimumVisualStudioVersion = 10.0.40219.1
Project("{FAE04EC0-301F-11D3-BF4B-00C04F79EFBC}") = "AirlineApi", "AirlineApi\AirlineApi.csproj", "{926277AD-87AA-4C52-AD3E-8B749A37A062}"
EndProject
Global
	GlobalSection(SolutionConfigurationPlatforms) = preSolution
		Debug|Any CPU = Debug|Any CPU
		Release|Any CPU = Release|Any CPU
	EndGlobalSection
	GlobalSection(ProjectConfigurationPlatforms) = postSolution
		{926277AD-87AA-4C52-AD3E-8B749A37A062}.Debug|Any CPU.ActiveCfg = Debug|Any CPU
		{926277AD-87AA-4C52-AD3E-8B749A37A062}.Debug|Any CPU.Build.0 = Debug|Any CPU
		{926277AD-87AA-4C52-AD3E-8B749A37A062}.Release|Any CPU.ActiveCfg = Release|Any CPU
		{926277AD-87AA-4C52-AD3E-8B749A37A062}.Release|Any CPU.Build.0 = Release|Any CPU
	EndGlobalSection
	GlobalSection(SolutionProperties) = preSolution
		HideSolutionNode = FALSE
	EndGlobalSection
	GlobalSection(ExtensibilityGlobals) = postSolution
		SolutionGuid = {251F595F-F830-4B0D-A30E-746BD4E3285D}
	EndGlobalSection
EndGlobal
